
Microsoft Visual Studio Solution File, Format Version 12.00
# Visual Studio Version 16
VisualStudioVersion = 16.0.29905.134
MinimumVisualStudioVersion = 10.0.40219.1
Project("{8BC9CEB8-8B4A-11D0-8D11-00A0C91BC942}") = "CMusikplatta", "CMusikplatta\CMusikplatta.vcxproj", "{8B9DF5BC-C814-4520-9E45-7E7A88B80360}"
EndProject
Global
	GlobalSection(SolutionConfigurationPlatforms) = preSolution
		Debug|Any CPU = Debug|Any CPU
		Debug|x64 = Debug|x64
		Debug|x86 = Debug|x86
		Release|Any CPU = Release|Any CPU
		Release|x64 = Release|x64
		Release|x86 = Release|x86
	EndGlobalSection
	GlobalSection(ProjectConfigurationPlatforms) = postSolution
		{8B9DF5BC-C814-4520-9E45-7E7A88B80360}.Debug|Any CPU.ActiveCfg = Debug|Win32
		{8B9DF5BC-C814-4520-9E45-7E7A88B80360}.Debug|x64.ActiveCfg = Debug|x64
		{8B9DF5BC-C814-4520-9E45-7E7A88B80360}.Debug|x64.Build.0 = Debug|x64
		{8B9DF5BC-C814-4520-9E45-7E7A88B80360}.Debug|x86.ActiveCfg = Debug|Win32
		{8B9DF5BC-C814-4520-9E45-7E7A88B80360}.Debug|x86.Build.0 = Debug|Win32
		{8B9DF5BC-C814-4520-9E45-7E7A88B80360}.Release|Any CPU.ActiveCfg = Release|Win32
		{8B9DF5BC-C814-4520-9E45-7E7A88B80360}.Release|x64.ActiveCfg = Release|x64
		{8B9DF5BC-C814-4520-9E45-7E7A88B80360}.Release|x64.Build.0 = Release|x64
		{8B9DF5BC-C814-4520-9E45-7E7A88B80360}.Release|x86.ActiveCfg = Release|Win32
		{8B9DF5BC-C814-4520-9E45-7E7A88B80360}.Release|x86.Build.0 = Release|Win32
	EndGlobalSection
	GlobalSection(SolutionProperties) = preSolution
		HideSolutionNode = FALSE
	EndGlobalSection
	GlobalSection(ExtensibilityGlobals) = postSolution
		SolutionGuid = {D835C752-0612-44CA-AAC7-B8E5E58D21C0}
	EndGlobalSection
EndGlobal
