<?xml version="1.0" encoding="utf-8"?>
<Project ToolsVersion="4.0" xmlns="http://schemas.microsoft.com/developer/msbuild/2003">
  <ItemGroup>
    <Filter Include="Resource Files">
      <UniqueIdentifier>{67DA6AB6-F800-4c08-8B7A-83BB121AAD01}</UniqueIdentifier>
      <Extensions>rc;ico;cur;bmp;dlg;rc2;rct;bin;rgs;gif;jpg;jpeg;jpe;resx;tiff;tif;png;wav;mfcribbon-ms</Extensions>
    </Filter>
    <Filter Include="include">
      <UniqueIdentifier>{3fa0d297-740c-480d-bca4-38064979efcd}</UniqueIdentifier>
    </Filter>
  </ItemGroup>
  <ItemGroup>
    <ClInclude Include="include\wintab-getprocaddress.h">
      <Filter>include</Filter>
    </ClInclude>
    <ClInclude Include="include\PKTDEF.H" />
    <ClInclude Include="include\WINTAB.H" />
    <ClInclude Include="include\DLL.h">
      <Filter>include</Filter>
    </ClInclude>
  </ItemGroup>
  <ItemGroup>
    <None Include="wintab.i" />
    <None Include="wintab.opts" />
    <None Include="WINTAB1.4.html" />
    <None Include="SwigWintab.cs" />
  </ItemGroup>
  <ItemGroup>
    <ClCompile Include="SwigWintab.cpp" />
  </ItemGroup>
</Project>